PODS:
  - Flutter (1.0.0)
  - flutter_vision_kit (0.0.1):
    - Flutter

DEPENDENCIES:
  - Flutter (from `Flutter`)
  - flutter_vision_kit (from `.symlinks/plugins/flutter_vision_kit/ios`)

EXTERNAL SOURCES:
  Flutter:
    :path: Flutter
  flutter_vision_kit:
    :path: ".symlinks/plugins/flutter_vision_kit/ios"

SPEC CHECKSUMS:
  Flutter: 0e3d915762c693b495b44d77113d4970485de6ec
  flutter_vision_kit: 06503fd0ba5d3aecd214e31bf7f19d0d2370e2e3

PODFILE CHECKSUM: cc1f88378b4bfcf93a6ce00d2c587857c6008d3b

COCOAPODS: 1.9.3
